
Microsoft Visual Studio Solution File, Format Version 12.00
# Visual Studio 15
VisualStudioVersion = 15.0.28010.2019
MinimumVisualStudioVersion = 10.0.40219.1
Project("{9A19103F-16F7-4668-BE54-9A1E7A4F7556}") = "Tests", "Tests\Tests.csproj", "{2C935958-71BD-4B04-91A7-A288C39DDD8C}"
EndProject
Project("{9A19103F-16F7-4668-BE54-9A1E7A4F7556}") = "Katas", "Katas\Katas.csproj", "{C808EA64-CAF9-417A-A023-9AC942B72581}"
EndProject
Global
	GlobalSection(SolutionConfigurationPlatforms) = preSolution
		Debug|Any CPU = Debug|Any CPU
		Debug|x64 = Debug|x64
		Debug|x86 = Debug|x86
		Release|Any CPU = Release|Any CPU
		Release|x64 = Release|x64
		Release|x86 = Release|x86
	EndGlobalSection
	GlobalSection(ProjectConfigurationPlatforms) = postSolution
		{2C935958-71BD-4B04-91A7-A288C39DDD8C}.Debug|Any CPU.ActiveCfg = Debug|Any CPU
		{2C935958-71BD-4B04-91A7-A288C39DDD8C}.Debug|Any CPU.Build.0 = Debug|Any CPU
		{2C935958-71BD-4B04-91A7-A288C39DDD8C}.Debug|x64.ActiveCfg = Debug|Any CPU
		{2C935958-71BD-4B04-91A7-A288C39DDD8C}.Debug|x64.Build.0 = Debug|Any CPU
		{2C935958-71BD-4B04-91A7-A288C39DDD8C}.Debug|x86.ActiveCfg = Debug|Any CPU
		{2C935958-71BD-4B04-91A7-A288C39DDD8C}.Debug|x86.Build.0 = Debug|Any CPU
		{2C935958-71BD-4B04-91A7-A288C39DDD8C}.Release|Any CPU.ActiveCfg = Release|Any CPU
		{2C935958-71BD-4B04-91A7-A288C39DDD8C}.Release|Any CPU.Build.0 = Release|Any CPU
		{2C935958-71BD-4B04-91A7-A288C39DDD8C}.Release|x64.ActiveCfg = Release|Any CPU
		{2C935958-71BD-4B04-91A7-A288C39DDD8C}.Release|x64.Build.0 = Release|Any CPU
		{2C935958-71BD-4B04-91A7-A288C39DDD8C}.Release|x86.ActiveCfg = Release|Any CPU
		{2C935958-71BD-4B04-91A7-A288C39DDD8C}.Release|x86.Build.0 = Release|Any CPU
		{C808EA64-CAF9-417A-A023-9AC942B72581}.Debug|Any CPU.ActiveCfg = Debug|Any CPU
		{C808EA64-CAF9-417A-A023-9AC942B72581}.Debug|Any CPU.Build.0 = Debug|Any CPU
		{C808EA64-CAF9-417A-A023-9AC942B72581}.Debug|x64.ActiveCfg = Debug|Any CPU
		{C808EA64-CAF9-417A-A023-9AC942B72581}.Debug|x64.Build.0 = Debug|Any CPU
		{C808EA64-CAF9-417A-A023-9AC942B72581}.Debug|x86.ActiveCfg = Debug|Any CPU
		{C808EA64-CAF9-417A-A023-9AC942B72581}.Debug|x86.Build.0 = Debug|Any CPU
		{C808EA64-CAF9-417A-A023-9AC942B72581}.Release|Any CPU.ActiveCfg = Release|Any CPU
		{C808EA64-CAF9-417A-A023-9AC942B72581}.Release|Any CPU.Build.0 = Release|Any CPU
		{C808EA64-CAF9-417A-A023-9AC942B72581}.Release|x64.ActiveCfg = Release|Any CPU
		{C808EA64-CAF9-417A-A023-9AC942B72581}.Release|x64.Build.0 = Release|Any CPU
		{C808EA64-CAF9-417A-A023-9AC942B72581}.Release|x86.ActiveCfg = Release|Any CPU
		{C808EA64-CAF9-417A-A023-9AC942B72581}.Release|x86.Build.0 = Release|Any CPU
	EndGlobalSection
	GlobalSection(SolutionProperties) = preSolution
		HideSolutionNode = FALSE
	EndGlobalSection
	GlobalSection(ExtensibilityGlobals) = postSolution
		SolutionGuid = {E2FDE89F-5713-41C7-B499-F0A9B05AD1DC}
	EndGlobalSection
EndGlobal
